PODS:
  - CropPickerController (0.1.4):
    - CropPickerView (= 0.2.7)
  - CropPickerView (0.2.7)

DEPENDENCIES:
  - CropPickerController (from `../`)

SPEC REPOS:
  trunk:
    - CropPickerView

EXTERNAL SOURCES:
  CropPickerController:
    :path: "../"

SPEC CHECKSUMS:
  CropPickerController: 6f1d936ec911207d452b436518460cf3198f5095
  CropPickerView: 22104910c3daeb7d9da9018dd10831736e20df3a

PODFILE CHECKSUM: 9bf33656ba265ea726d5aec83a61aa09c91c0e6d

COCOAPODS: 1.10.1
